
Microsoft Visual Studio Solution File, Format Version 12.00
# Visual Studio Version 17
VisualStudioVersion = 17.3.32929.385
MinimumVisualStudioVersion = 10.0.40219.1
Project("{FAE04EC0-301F-11D3-BF4B-00C04F79EFBC}") = "SumOfArguments.ConsoleApp", "SumOfArguments.ConsoleApp\SumOfArguments.ConsoleApp.csproj", "{9857BE7D-4428-4E39-BF73-37E28DAEF744}"
EndProject
Project("{FAE04EC0-301F-11D3-BF4B-00C04F79EFBC}") = "SumOfArguments.Tests", "SumOfArguments.Tests\SumOfArguments.Tests.csproj", "{BB2077DF-94D9-453D-89E5-4B1E16CBEE03}"
EndProject
Global
	GlobalSection(SolutionConfigurationPlatforms) = preSolution
		Debug|Any CPU = Debug|Any CPU
		Release|Any CPU = Release|Any CPU
	EndGlobalSection
	GlobalSection(ProjectConfigurationPlatforms) = postSolution
		{9857BE7D-4428-4E39-BF73-37E28DAEF744}.Debug|Any CPU.ActiveCfg = Debug|Any CPU
		{9857BE7D-4428-4E39-BF73-37E28DAEF744}.Debug|Any CPU.Build.0 = Debug|Any CPU
		{9857BE7D-4428-4E39-BF73-37E28DAEF744}.Release|Any CPU.ActiveCfg = Release|Any CPU
		{9857BE7D-4428-4E39-BF73-37E28DAEF744}.Release|Any CPU.Build.0 = Release|Any CPU
		{BB2077DF-94D9-453D-89E5-4B1E16CBEE03}.Debug|Any CPU.ActiveCfg = Debug|Any CPU
		{BB2077DF-94D9-453D-89E5-4B1E16CBEE03}.Debug|Any CPU.Build.0 = Debug|Any CPU
		{BB2077DF-94D9-453D-89E5-4B1E16CBEE03}.Release|Any CPU.ActiveCfg = Release|Any CPU
		{BB2077DF-94D9-453D-89E5-4B1E16CBEE03}.Release|Any CPU.Build.0 = Release|Any CPU
	EndGlobalSection
	GlobalSection(SolutionProperties) = preSolution
		HideSolutionNode = FALSE
	EndGlobalSection
	GlobalSection(ExtensibilityGlobals) = postSolution
		SolutionGuid = {F1EF0A25-A44C-4790-BB37-932AD5C50D21}
	EndGlobalSection
EndGlobal
